github.com/a-h/templ v0.3.833 h1:L/KOk/0VvVTBegtE0fp2RJQiBm7/52Zxv5fqlEHiQUU=
github.com/a-h/templ v0.3.833/go.mod h1:cAu4AiZhtJfBjMY0HASlyzvkrtjnHWPeEsyGK2YYmfk=
github.com/dimmerz92/go-templ-lucide v0.2.0 h1:JLYwCoMsv4w0LTn89hcCBQkyB+ou3nUgRYH+sGJ9Wvc=
github.com/dimmerz92/go-templ-lucide v0.2.0/go.mod h1:ZRqEBM5vujLCEkgP/u29lZ0OEpgxBCXb2HgQGdcz6no=
github.com/google/go-cmp v0.6.0 h1:ofyhxvXcZhMsU5ulbFiLKl/XBFqE1GSq7atu8tAmTRI=
github.com/google/go-cmp v0.6.0/go.mod h1:17dUlkBOakJ0+DkrSSNjCkIjxS6bF9zb3elmeNGIjoY=
